# novo.lock — auto-generated by novo pkg, do not edit

[http-codec-nv]
source = "registry"
url = "https://registry.novo-lang.org"
req = "^0.0.2"
version = "0.0.2"
hash = "b5a1cfdaaa2a41fde37848e51508e2e4e2a0d88a221377a22fe01d004b8f44f1"

[llm-client-nv]
source = "registry"
url = "https://registry.novo-lang.org"
req = "^0.0.1"
version = "0.0.1"
hash = "951413cb7250fbcfa5cb7ad563d1b65286f0b4fa56dbac180952feeee496c11f"

[prompt-nv]
source = "registry"
url = "https://registry.novo-lang.org"
req = "^0.0.1"
version = "0.0.1"
hash = "bf6366dd0f3eaf0b53c8efb42e72c9320fcb6254e61f44f4e0ccb9a61b653283"

[schema-nv]
source = "registry"
url = "https://registry.novo-lang.org"
req = "^0.0.1"
version = "0.0.1"
hash = "70d373d3e550f19ac8b9d5ef545896888a03f03da29283ab5b6afa314ded5f3b"

[tokenizers-nv]
source = "registry"
url = "https://registry.novo-lang.org"
req = "^0.0.1"
version = "0.0.1"
hash = "1251f6d85bd8b676cb66a11d51c82cbd239b9282168809d4f63751d3b952e2a2"
